<?xml version="1.0" encoding="utf-8"?>
<Project ToolsVersion="4.0" xmlns="http://schemas.microsoft.com/developer/msbuild/2003">
  <ItemGroup>
    <ClCompile Include="Lab1.cpp" />
    <ClCompile Include="Lab2.cpp" />
    <ClCompile Include="Lab3.cpp" />
    <ClCompile Include="Lab4.cpp" />
    <ClCompile Include="Lab6.cpp" />
    <ClCompile Include="Lab7.cpp" />
    <ClCompile Include="Lab8.cpp" />
    <ClCompile Include="ParallelProgramming.cpp" />
    <ClCompile Include="stdafx.cpp" />
  </ItemGroup>
  <ItemGroup>
    <ClInclude Include="Lab1.h" />
    <ClInclude Include="Lab2.h" />
    <ClInclude Include="Lab3.h" />
    <ClInclude Include="Lab4.h" />
    <ClInclude Include="Lab6.h" />
    <ClInclude Include="Lab7.h" />
    <ClInclude Include="Lab8.h" />
    <ClInclude Include="stdafx.h" />
    <ClInclude Include="targetver.h" />
  </ItemGroup>
</Project>